// !$*UTF8*$!
{
	archiveVersion = 1;
	classes = {
	};
	objectVersion = 46;
	objects = {

/* Begin PBXBuildFile section */
		186EC7811D21A5CA00E3AF4B /* AppDelegate.swift in Sources */ = {isa = PBXBuildFile; fileRef = 186EC7801D21A5CA00E3AF4B /* AppDelegate.swift */; };
		186EC7831D21A5CA00E3AF4B /* MusicLibraryController.swift in Sources */ = {isa = PBXBuildFile; fileRef = 186EC7821D21A5CA00E3AF4B /* MusicLibraryController.swift */; };
		186EC7861D21A5CA00E3AF4B /* Main.storyboard in Resources */ = {isa = PBXBuildFile; fileRef = 186EC7841D21A5CA00E3AF4B /* Main.storyboard */; };
		186EC7881D21A5CA00E3AF4B /* Assets.xcassets in Resources */ = {isa = PBXBuildFile; fileRef = 186EC7871D21A5CA00E3AF4B /* Assets.xcassets */; };
		186EC78B1D21A5CA00E3AF4B /* LaunchScreen.storyboard in Resources */ = {isa = PBXBuildFile; fileRef = 186EC7891D21A5CA00E3AF4B /* LaunchScreen.storyboard */; };
		187359601D21A97600FEFE45 /* ItemCell.swift in Sources */ = {isa = PBXBuildFile; fileRef = 1873595F1D21A97600FEFE45 /* ItemCell.swift */; };
		1879A2311D4813FE00348D5D /* RecentAlbums.swift in Sources */ = {isa = PBXBuildFile; fileRef = 1879A2301D4813FE00348D5D /* RecentAlbums.swift */; };
		1879A2341D4ABE0E00348D5D /* dummy.m in Sources */ = {isa = PBXBuildFile; fileRef = 1879A2331D4ABE0E00348D5D /* dummy.m */; };
		18AC62FA1D36C54D001390E7 /* MusicPlayerController.swift in Sources */ = {isa = PBXBuildFile; fileRef = 18AC62F91D36C54D001390E7 /* MusicPlayerController.swift */; };
		18AC63061D38191F001390E7 /* Player.swift in Sources */ = {isa = PBXBuildFile; fileRef = 18AC63051D38191F001390E7 /* Player.swift */; };
		18D41CBE1D3564F000DE632D /* AppData.swift in Sources */ = {isa = PBXBuildFile; fileRef = 18D41CBD1D3564F000DE632D /* AppData.swift */; };
		4779F0DBC2387C67572BF86A /* Pods_Modus.framework in Frameworks */ = {isa = PBXBuildFile; fileRef = 4F77D84EDE93CE0F0576482C /* Pods_Modus.framework */; };
/* End PBXBuildFile section */

/* Begin PBXFileReference section */
		186EC77D1D21A5C900E3AF4B /* modus.app */ = {isa = PBXFileReference; explicitFileType = wrapper.application; includeInIndex = 0; path = modus.app; sourceTree = BUILT_PRODUCTS_DIR; };
		186EC7801D21A5CA00E3AF4B /* AppDelegate.swift */ = {isa = PBXFileReference; lastKnownFileType = sourcecode.swift; path = AppDelegate.swift; sourceTree = "<group>"; };
		186EC7821D21A5CA00E3AF4B /* MusicLibraryController.swift */ = {isa = PBXFileReference; lastKnownFileType = sourcecode.swift; path = MusicLibraryController.swift; sourceTree = "<group>"; };
		186EC7851D21A5CA00E3AF4B /* Base */ = {isa = PBXFileReference; lastKnownFileType = file.storyboard; name = Base; path = Base.lproj/Main.storyboard; sourceTree = "<group>"; };
		186EC7871D21A5CA00E3AF4B /* Assets.xcassets */ = {isa = PBXFileReference; lastKnownFileType = folder.assetcatalog; path = Assets.xcassets; sourceTree = "<group>"; };
		186EC78A1D21A5CA00E3AF4B /* Base */ = {isa = PBXFileReference; lastKnownFileType = file.storyboard; name = Base; path = Base.lproj/LaunchScreen.storyboard; sourceTree = "<group>"; };
		186EC78C1D21A5CA00E3AF4B /* Info.plist */ = {isa = PBXFileReference; lastKnownFileType = text.plist.xml; path = Info.plist; sourceTree = "<group>"; };
		1873595F1D21A97600FEFE45 /* ItemCell.swift */ = {isa = PBXFileReference; fileEncoding = 4; lastKnownFileType = sourcecode.swift; path = ItemCell.swift; sourceTree = "<group>"; };
		1879A2301D4813FE00348D5D /* RecentAlbums.swift */ = {isa = PBXFileReference; fileEncoding = 4; lastKnownFileType = sourcecode.swift; path = RecentAlbums.swift; sourceTree = "<group>"; };
		1879A2321D4ABE0D00348D5D /* Modus-Bridging-Header.h */ = {isa = PBXFileReference; lastKnownFileType = sourcecode.c.h; path = "Modus-Bridging-Header.h"; sourceTree = "<group>"; };
		1879A2331D4ABE0E00348D5D /* dummy.m */ = {isa = PBXFileReference; fileEncoding = 4; lastKnownFileType = sourcecode.c.objc; path = dummy.m; sourceTree = "<group>"; };
		18AC62F91D36C54D001390E7 /* MusicPlayerController.swift */ = {isa = PBXFileReference; fileEncoding = 4; lastKnownFileType = sourcecode.swift; path = MusicPlayerController.swift; sourceTree = "<group>"; };
		18AC63051D38191F001390E7 /* Player.swift */ = {isa = PBXFileReference; fileEncoding = 4; lastKnownFileType = sourcecode.swift; path = Player.swift; sourceTree = "<group>"; };
		18D41CBD1D3564F000DE632D /* AppData.swift */ = {isa = PBXFileReference; fileEncoding = 4; lastKnownFileType = sourcecode.swift; path = AppData.swift; sourceTree = "<group>"; };
		1BC08BED9E20C6D1F129D769 /* Pods-Modus.debug.xcconfig */ = {isa = PBXFileReference; includeInIndex = 1; lastKnownFileType = text.xcconfig; name = "Pods-Modus.debug.xcconfig"; path = "Pods/Target Support Files/Pods-Modus/Pods-Modus.debug.xcconfig"; sourceTree = "<group>"; };
		220D8FDF54D73ACAB4A0FAD1 /* Pods-Modus.release.xcconfig */ = {isa = PBXFileReference; includeInIndex = 1; lastKnownFileType = text.xcconfig; name = "Pods-Modus.release.xcconfig"; path = "Pods/Target Support Files/Pods-Modus/Pods-Modus.release.xcconfig"; sourceTree = "<group>"; };
		4F77D84EDE93CE0F0576482C /* Pods_Modus.framework */ = {isa = PBXFileReference; explicitFileType = wrapper.framework; includeInIndex = 0; path = Pods_Modus.framework; sourceTree = BUILT_PRODUCTS_DIR; };
/* End PBXFileReference section */

/* Begin PBXFrameworksBuildPhase section */
		186EC77A1D21A5C900E3AF4B /* Frameworks */ = {
			isa = PBXFrameworksBuildPhase;
			buildActionMask = 2147483647;
			files = (
				4779F0DBC2387C67572BF86A /* Pods_Modus.framework in Frameworks */,
			);
			runOnlyForDeploymentPostprocessing = 0;
		};
/* End PBXFrameworksBuildPhase section */

/* Begin PBXGroup section */
		186EC7741D21A5C900E3AF4B = {
			isa = PBXGroup;
			children = (
				186EC77F1D21A5CA00E3AF4B /* Modus */,
				186EC77E1D21A5C900E3AF4B /* Products */,
				7719FC2BC01DB07E6DB9D59A /* Pods */,
				FF00CB7DB682E7D8CE44EECB /* Frameworks */,
			);
			sourceTree = "<group>";
		};
		186EC77E1D21A5C900E3AF4B /* Products */ = {
			isa = PBXGroup;
			children = (
				186EC77D1D21A5C900E3AF4B /* modus.app */,
			);
			name = Products;
			sourceTree = "<group>";
		};
		186EC77F1D21A5CA00E3AF4B /* Modus */ = {
			isa = PBXGroup;
			children = (
				18AC63001D36DC62001390E7 /* other */,
				18AC62FF1D36DB22001390E7 /* assets */,
				18AC62FE1D36DB16001390E7 /* storyboards */,
				18AC62FD1D36DB02001390E7 /* supporting files */,
				18AC62FC1D36DAEB001390E7 /* views */,
				18AC62FB1D36DAD7001390E7 /* model */,
				1879A2331D4ABE0E00348D5D /* dummy.m */,
				1879A2321D4ABE0D00348D5D /* Modus-Bridging-Header.h */,
			);
			path = Modus;
			sourceTree = "<group>";
		};
		18AC62FB1D36DAD7001390E7 /* model */ = {
			isa = PBXGroup;
			children = (
				1879A2301D4813FE00348D5D /* RecentAlbums.swift */,
				1873595F1D21A97600FEFE45 /* ItemCell.swift */,
				18D41CBD1D3564F000DE632D /* AppData.swift */,
			);
			name = model;
			sourceTree = "<group>";
		};
		18AC62FC1D36DAEB001390E7 /* views */ = {
			isa = PBXGroup;
			children = (
				186EC7821D21A5CA00E3AF4B /* MusicLibraryController.swift */,
				18AC62F91D36C54D001390E7 /* MusicPlayerController.swift */,
			);
			name = views;
			sourceTree = "<group>";
		};
		18AC62FD1D36DB02001390E7 /* supporting files */ = {
			isa = PBXGroup;
			children = (
				186EC7801D21A5CA00E3AF4B /* AppDelegate.swift */,
				186EC78C1D21A5CA00E3AF4B /* Info.plist */,
			);
			name = "supporting files";
			sourceTree = "<group>";
		};
		18AC62FE1D36DB16001390E7 /* storyboards */ = {
			isa = PBXGroup;
			children = (
				186EC7841D21A5CA00E3AF4B /* Main.storyboard */,
				186EC7891D21A5CA00E3AF4B /* LaunchScreen.storyboard */,
			);
			name = storyboards;
			sourceTree = "<group>";
		};
		18AC62FF1D36DB22001390E7 /* assets */ = {
			isa = PBXGroup;
			children = (
				186EC7871D21A5CA00E3AF4B /* Assets.xcassets */,
			);
			name = assets;
			sourceTree = "<group>";
		};
		18AC63001D36DC62001390E7 /* other */ = {
			isa = PBXGroup;
			children = (
				18AC63051D38191F001390E7 /* Player.swift */,
			);
			name = other;
			sourceTree = "<group>";
		};
		7719FC2BC01DB07E6DB9D59A /* Pods */ = {
			isa = PBXGroup;
			children = (
				1BC08BED9E20C6D1F129D769 /* Pods-Modus.debug.xcconfig */,
				220D8FDF54D73ACAB4A0FAD1 /* Pods-Modus.release.xcconfig */,
			);
			name = Pods;
			sourceTree = "<group>";
		};
		FF00CB7DB682E7D8CE44EECB /* Frameworks */ = {
			isa = PBXGroup;
			children = (
				4F77D84EDE93CE0F0576482C /* Pods_Modus.framework */,
			);
			name = Frameworks;
			sourceTree = "<group>";
		};
/* End PBXGroup section */

/* Begin PBXNativeTarget section */
		186EC77C1D21A5C900E3AF4B /* Modus */ = {
			isa = PBXNativeTarget;
			buildConfigurationList = 186EC78F1D21A5CA00E3AF4B /* Build configuration list for PBXNativeTarget "Modus" */;
			buildPhases = (
				4B8D41E316C02C5A3F17941E /* [CP] Check Pods Manifest.lock */,
				186EC7791D21A5C900E3AF4B /* Sources */,
				186EC77A1D21A5C900E3AF4B /* Frameworks */,
				186EC77B1D21A5C900E3AF4B /* Resources */,
				4F75484E3872552B5E459895 /* [CP] Embed Pods Frameworks */,
				B97C2463D9A7518BFD0EE8FB /* [CP] Copy Pods Resources */,
			);
			buildRules = (
			);
			dependencies = (
			);
			name = Modus;
			productName = Modus;
			productReference = 186EC77D1D21A5C900E3AF4B /* modus.app */;
			productType = "com.apple.product-type.application";
		};
/* End PBXNativeTarget section */

/* Begin PBXProject section */
		186EC7751D21A5C900E3AF4B /* Project object */ = {
			isa = PBXProject;
			attributes = {
				LastSwiftUpdateCheck = 0730;
				LastUpgradeCheck = 0730;
				ORGANIZATIONNAME = "Modus Applications";
				TargetAttributes = {
					186EC77C1D21A5C900E3AF4B = {
						CreatedOnToolsVersion = 7.3.1;
						DevelopmentTeam = 5PEG7GJA4M;
					};
				};
			};
			buildConfigurationList = 186EC7781D21A5C900E3AF4B /* Build configuration list for PBXProject "Modus" */;
			compatibilityVersion = "Xcode 3.2";
			developmentRegion = English;
			hasScannedForEncodings = 0;
			knownRegions = (
				en,
				Base,
			);
			mainGroup = 186EC7741D21A5C900E3AF4B;
			productRefGroup = 186EC77E1D21A5C900E3AF4B /* Products */;
			projectDirPath = "";
			projectRoot = "";
			targets = (
				186EC77C1D21A5C900E3AF4B /* Modus */,
			);
		};
/* End PBXProject section */

/* Begin PBXResourcesBuildPhase section */
		186EC77B1D21A5C900E3AF4B /* Resources */ = {
			isa = PBXResourcesBuildPhase;
			buildActionMask = 2147483647;
			files = (
				186EC78B1D21A5CA00E3AF4B /* LaunchScreen.storyboard in Resources */,
				186EC7881D21A5CA00E3AF4B /* Assets.xcassets in Resources */,
				186EC7861D21A5CA00E3AF4B /* Main.storyboard in Resources */,
			);
			runOnlyForDeploymentPostprocessing = 0;
		};
/* End PBXResourcesBuildPhase section */

/* Begin PBXShellScriptBuildPhase section */
		4B8D41E316C02C5A3F17941E /* [CP] Check Pods Manifest.lock */ = {
			isa = PBXShellScriptBuildPhase;
			buildActionMask = 2147483647;
			files = (
			);
			inputPaths = (
			);
			name = "[CP] Check Pods Manifest.lock";
			outputPaths = (
			);
			runOnlyForDeploymentPostprocessing = 0;
			shellPath = /bin/sh;
			shellScript = "diff \"${PODS_ROOT}/../Podfile.lock\" \"${PODS_ROOT}/Manifest.lock\" > /dev/null\nif [[ $? != 0 ]] ; then\n    cat << EOM\nerror: The sandbox is not in sync with the Podfile.lock. Run 'pod install' or update your CocoaPods installation.\nEOM\n    exit 1\nfi\n";
			showEnvVarsInLog = 0;
		};
		4F75484E3872552B5E459895 /* [CP] Embed Pods Frameworks */ = {
			isa = PBXShellScriptBuildPhase;
			buildActionMask = 2147483647;
			files = (
			);
			inputPaths = (
			);
			name = "[CP] Embed Pods Frameworks";
			outputPaths = (
			);
			runOnlyForDeploymentPostprocessing = 0;
			shellPath = /bin/sh;
			shellScript = "\"${SRCROOT}/Pods/Target Support Files/Pods-Modus/Pods-Modus-frameworks.sh\"\n";
			showEnvVarsInLog = 0;
		};
		B97C2463D9A7518BFD0EE8FB /* [CP] Copy Pods Resources */ = {
			isa = PBXShellScriptBuildPhase;
			buildActionMask = 2147483647;
			files = (
			);
			inputPaths = (
			);
			name = "[CP] Copy Pods Resources";
			outputPaths = (
			);
			runOnlyForDeploymentPostprocessing = 0;
			shellPath = /bin/sh;
			shellScript = "\"${SRCROOT}/Pods/Target Support Files/Pods-Modus/Pods-Modus-resources.sh\"\n";
			showEnvVarsInLog = 0;
		};
/* End PBXShellScriptBuildPhase section */

/* Begin PBXSourcesBuildPhase section */
		186EC7791D21A5C900E3AF4B /* Sources */ = {
			isa = PBXSourcesBuildPhase;
			buildActionMask = 2147483647;
			files = (
				18AC62FA1D36C54D001390E7 /* MusicPlayerController.swift in Sources */,
				186EC7831D21A5CA00E3AF4B /* MusicLibraryController.swift in Sources */,
				186EC7811D21A5CA00E3AF4B /* AppDelegate.swift in Sources */,
				187359601D21A97600FEFE45 /* ItemCell.swift in Sources */,
				18AC63061D38191F001390E7 /* Player.swift in Sources */,
				1879A2311D4813FE00348D5D /* RecentAlbums.swift in Sources */,
				1879A2341D4ABE0E00348D5D /* dummy.m in Sources */,
				18D41CBE1D3564F000DE632D /* AppData.swift in Sources */,
			);
			runOnlyForDeploymentPostprocessing = 0;
		};
/* End PBXSourcesBuildPhase section */

/* Begin PBXVariantGroup section */
		186EC7841D21A5CA00E3AF4B /* Main.storyboard */ = {
			isa = PBXVariantGroup;
			children = (
				186EC7851D21A5CA00E3AF4B /* Base */,
			);
			name = Main.storyboard;
			sourceTree = "<group>";
		};
		186EC7891D21A5CA00E3AF4B /* LaunchScreen.storyboard */ = {
			isa = PBXVariantGroup;
			children = (
				186EC78A1D21A5CA00E3AF4B /* Base */,
			);
			name = LaunchScreen.storyboard;
			sourceTree = "<group>";
		};
/* End PBXVariantGroup section */

/* Begin XCBuildConfiguration section */
		186EC78D1D21A5CA00E3AF4B /* Debug */ = {
			isa = XCBuildConfiguration;
			buildSettings = {
				ALWAYS_SEARCH_USER_PATHS = NO;
				CLANG_ANALYZER_NONNULL = YES;
				CLANG_CXX_LANGUAGE_STANDARD = "gnu++0x";
				CLANG_CXX_LIBRARY = "libc++";
				CLANG_ENABLE_MODULES = YES;
				CLANG_ENABLE_OBJC_ARC = YES;
				CLANG_WARN_BOOL_CONVERSION = YES;
				CLANG_WARN_CONSTANT_CONVERSION = YES;
				CLANG_WARN_DIRECT_OBJC_ISA_USAGE = YES_ERROR;
				CLANG_WARN_EMPTY_BODY = YES;
				CLANG_WARN_ENUM_CONVERSION = YES;
				CLANG_WARN_INT_CONVERSION = YES;
				CLANG_WARN_OBJC_ROOT_CLASS = YES_ERROR;
				CLANG_WARN_UNREACHABLE_CODE = YES;
				CLANG_WARN__DUPLICATE_METHOD_MATCH = YES;
				"CODE_SIGN_IDENTITY[sdk=iphoneos*]" = "iPhone Developer";
				COPY_PHASE_STRIP = NO;
				DEBUG_INFORMATION_FORMAT = dwarf;
				ENABLE_STRICT_OBJC_MSGSEND = YES;
				ENABLE_TESTABILITY = YES;
				GCC_C_LANGUAGE_STANDARD = gnu99;
				GCC_DYNAMIC_NO_PIC = NO;
				GCC_NO_COMMON_BLOCKS = YES;
				GCC_OPTIMIZATION_LEVEL = 0;
				GCC_PREPROCESSOR_DEFINITIONS = (
					"DEBUG=1",
					"$(inherited)",
				);
				GCC_WARN_64_TO_32_BIT_CONVERSION = YES;
				GCC_WARN_ABOUT_RETURN_TYPE = YES_ERROR;
				GCC_WARN_UNDECLARED_SELECTOR = YES;
				GCC_WARN_UNINITIALIZED_AUTOS = YES_AGGRESSIVE;
				GCC_WARN_UNUSED_FUNCTION = YES;
				GCC_WARN_UNUSED_VARIABLE = YES;
				IPHONEOS_DEPLOYMENT_TARGET = 9.3;
				MTL_ENABLE_DEBUG_INFO = YES;
				ONLY_ACTIVE_ARCH = YES;
				SDKROOT = iphoneos;
				SWIFT_OPTIMIZATION_LEVEL = "-Onone";
				TARGETED_DEVICE_FAMILY = "1,2";
			};
			name = Debug;
		};
		186EC78E1D21A5CA00E3AF4B /* Release */ = {
			isa = XCBuildConfiguration;
			buildSettings = {
				ALWAYS_SEARCH_USER_PATHS = NO;
				CLANG_ANALYZER_NONNULL = YES;
				CLANG_CXX_LANGUAGE_STANDARD = "gnu++0x";
				CLANG_CXX_LIBRARY = "libc++";
				CLANG_ENABLE_MODULES = YES;
				CLANG_ENABLE_OBJC_ARC = YES;
				CLANG_WARN_BOOL_CONVERSION = YES;
				CLANG_WARN_CONSTANT_CONVERSION = YES;
				CLANG_WARN_DIRECT_OBJC_ISA_USAGE = YES_ERROR;
				CLANG_WARN_EMPTY_BODY = YES;
				CLANG_WARN_ENUM_CONVERSION = YES;
				CLANG_WARN_INT_CONVERSION = YES;
				CLANG_WARN_OBJC_ROOT_CLASS = YES_ERROR;
				CLANG_WARN_UNREACHABLE_CODE = YES;
				CLANG_WARN__DUPLICATE_METHOD_MATCH = YES;
				"CODE_SIGN_IDENTITY[sdk=iphoneos*]" = "iPhone Developer";
				COPY_PHASE_STRIP = NO;
				DEBUG_INFORMATION_FORMAT = "dwarf-with-dsym";
				ENABLE_NS_ASSERTIONS = NO;
				ENABLE_STRICT_OBJC_MSGSEND = YES;
				GCC_C_LANGUAGE_STANDARD = gnu99;
				GCC_NO_COMMON_BLOCKS = YES;
				GCC_WARN_64_TO_32_BIT_CONVERSION = YES;
				GCC_WARN_ABOUT_RETURN_TYPE = YES_ERROR;
				GCC_WARN_UNDECLARED_SELECTOR = YES;
				GCC_WARN_UNINITIALIZED_AUTOS = YES_AGGRESSIVE;
				GCC_WARN_UNUSED_FUNCTION = YES;
				GCC_WARN_UNUSED_VARIABLE = YES;
				IPHONEOS_DEPLOYMENT_TARGET = 9.3;
				MTL_ENABLE_DEBUG_INFO = NO;
				SDKROOT = iphoneos;
				TARGETED_DEVICE_FAMILY = "1,2";
				VALIDATE_PRODUCT = YES;
			};
			name = Release;
		};
		186EC7901D21A5CA00E3AF4B /* Debug */ = {
			isa = XCBuildConfiguration;
			baseConfigurationReference = 1BC08BED9E20C6D1F129D769 /* Pods-Modus.debug.xcconfig */;
			buildSettings = {
				ASSETCATALOG_COMPILER_APPICON_NAME = AppIcon;
				CLANG_ENABLE_MODULES = YES;
				CODE_SIGN_IDENTITY = "iPhone Developer";
				INFOPLIST_FILE = Modus/Info.plist;
				LD_RUNPATH_SEARCH_PATHS = "$(inherited) @executable_path/Frameworks";
				PRODUCT_BUNDLE_IDENTIFIER = com.makeschool.modusplayer;
				PRODUCT_NAME = modus;
				SWIFT_OBJC_BRIDGING_HEADER = "Modus/Modus-Bridging-Header.h";
				SWIFT_OPTIMIZATION_LEVEL = "-Onone";
				TARGETED_DEVICE_FAMILY = 2;
			};
			name = Debug;
		};
		186EC7911D21A5CA00E3AF4B /* Release */ = {
			isa = XCBuildConfiguration;
			baseConfigurationReference = 220D8FDF54D73ACAB4A0FAD1 /* Pods-Modus.release.xcconfig */;
			buildSettings = {
				ASSETCATALOG_COMPILER_APPICON_NAME = AppIcon;
				CLANG_ENABLE_MODULES = YES;
				CODE_SIGN_IDENTITY = "iPhone Developer";
				INFOPLIST_FILE = Modus/Info.plist;
				LD_RUNPATH_SEARCH_PATHS = "$(inherited) @executable_path/Frameworks";
				PRODUCT_BUNDLE_IDENTIFIER = com.makeschool.modusplayer;
				PRODUCT_NAME = modus;
				SWIFT_OBJC_BRIDGING_HEADER = "Modus/Modus-Bridging-Header.h";
				TARGETED_DEVICE_FAMILY = 2;
			};
			name = Release;
		};
/* End XCBuildConfiguration section */

/* Begin XCConfigurationList section */
		186EC7781D21A5C900E3AF4B /* Build configuration list for PBXProject "Modus" */ = {
			isa = XCConfigurationList;
			buildConfigurations = (
				186EC78D1D21A5CA00E3AF4B /* Debug */,
				186EC78E1D21A5CA00E3AF4B /* Release */,
			);
			defaultConfigurationIsVisible = 0;
			defaultConfigurationName = Release;
		};
		186EC78F1D21A5CA00E3AF4B /* Build configuration list for PBXNativeTarget "Modus" */ = {
			isa = XCConfigurationList;
			buildConfigurations = (
				186EC7901D21A5CA00E3AF4B /* Debug */,
				186EC7911D21A5CA00E3AF4B /* Release */,
			);
			defaultConfigurationIsVisible = 0;
			defaultConfigurationName = Release;
		};
/* End XCConfigurationList section */
	};
	rootObject = 186EC7751D21A5C900E3AF4B /* Project object */;
}
